
Microsoft Visual Studio Solution File, Format Version 12.00
# Visual Studio Version 17
VisualStudioVersion = 17.9.34607.119
MinimumVisualStudioVersion = 10.0.40219.1
Project("{2150E333-8FDC-42A3-9474-1A3956D46DE8}") = "Core", "Core", "{DB71E623-770F-49DD-81B4-914720550C7E}"
EndProject
Project("{FAE04EC0-301F-11D3-BF4B-00C04F79EFBC}") = "ECommerce.Domain", "Core\ECommerce.Domain\ECommerce.Domain.csproj", "{0362AAF5-790D-4108-8F75-76588C32D29E}"
EndProject
Project("{FAE04EC0-301F-11D3-BF4B-00C04F79EFBC}") = "ECommerce.Application", "Core\ECommerce.Application\ECommerce.Application.csproj", "{F57926B9-F117-4B8F-B056-3B8CD6C897C6}"
EndProject
Project("{2150E333-8FDC-42A3-9474-1A3956D46DE8}") = "Infrastructure", "Infrastructure", "{B4063040-FD6E-40AB-90CC-442A6E9AEA1D}"
EndProject
Project("{FAE04EC0-301F-11D3-BF4B-00C04F79EFBC}") = "ECommerce.Infrastructure", "Infrastructure\ECommerce.Infrastructure\ECommerce.Infrastructure.csproj", "{A1987D8B-E4AA-4B2A-A76B-CE348DA76A7F}"
EndProject
Project("{FAE04EC0-301F-11D3-BF4B-00C04F79EFBC}") = "ECommerce.Persistence", "Infrastructure\ECommerce.Persistence\ECommerce.Persistence.csproj", "{26161CCD-2A35-4368-AF54-52386A9AB6FD}"
EndProject
Project("{2150E333-8FDC-42A3-9474-1A3956D46DE8}") = "Presentation", "Presentation", "{E3F016DA-BE4D-4D15-B516-FE3EEB1D46BB}"
EndProject
Project("{FAE04EC0-301F-11D3-BF4B-00C04F79EFBC}") = "ECommerce.WebAPI", "Presentation\ECommerce.WebAPI\ECommerce.WebAPI.csproj", "{2FC6AAA6-8797-47DC-8324-D0DF02F5A375}"
EndProject
Global
	GlobalSection(SolutionConfigurationPlatforms) = preSolution
		Debug|Any CPU = Debug|Any CPU
		Release|Any CPU = Release|Any CPU
	EndGlobalSection
	GlobalSection(ProjectConfigurationPlatforms) = postSolution
		{0362AAF5-790D-4108-8F75-76588C32D29E}.Debug|Any CPU.ActiveCfg = Debug|Any CPU
		{0362AAF5-790D-4108-8F75-76588C32D29E}.Debug|Any CPU.Build.0 = Debug|Any CPU
		{0362AAF5-790D-4108-8F75-76588C32D29E}.Release|Any CPU.ActiveCfg = Release|Any CPU
		{0362AAF5-790D-4108-8F75-76588C32D29E}.Release|Any CPU.Build.0 = Release|Any CPU
		{F57926B9-F117-4B8F-B056-3B8CD6C897C6}.Debug|Any CPU.ActiveCfg = Debug|Any CPU
		{F57926B9-F117-4B8F-B056-3B8CD6C897C6}.Debug|Any CPU.Build.0 = Debug|Any CPU
		{F57926B9-F117-4B8F-B056-3B8CD6C897C6}.Release|Any CPU.ActiveCfg = Release|Any CPU
		{F57926B9-F117-4B8F-B056-3B8CD6C897C6}.Release|Any CPU.Build.0 = Release|Any CPU
		{A1987D8B-E4AA-4B2A-A76B-CE348DA76A7F}.Debug|Any CPU.ActiveCfg = Debug|Any CPU
		{A1987D8B-E4AA-4B2A-A76B-CE348DA76A7F}.Debug|Any CPU.Build.0 = Debug|Any CPU
		{A1987D8B-E4AA-4B2A-A76B-CE348DA76A7F}.Release|Any CPU.ActiveCfg = Release|Any CPU
		{A1987D8B-E4AA-4B2A-A76B-CE348DA76A7F}.Release|Any CPU.Build.0 = Release|Any CPU
		{26161CCD-2A35-4368-AF54-52386A9AB6FD}.Debug|Any CPU.ActiveCfg = Debug|Any CPU
		{26161CCD-2A35-4368-AF54-52386A9AB6FD}.Debug|Any CPU.Build.0 = Debug|Any CPU
		{26161CCD-2A35-4368-AF54-52386A9AB6FD}.Release|Any CPU.ActiveCfg = Release|Any CPU
		{26161CCD-2A35-4368-AF54-52386A9AB6FD}.Release|Any CPU.Build.0 = Release|Any CPU
		{2FC6AAA6-8797-47DC-8324-D0DF02F5A375}.Debug|Any CPU.ActiveCfg = Debug|Any CPU
		{2FC6AAA6-8797-47DC-8324-D0DF02F5A375}.Debug|Any CPU.Build.0 = Debug|Any CPU
		{2FC6AAA6-8797-47DC-8324-D0DF02F5A375}.Release|Any CPU.ActiveCfg = Release|Any CPU
		{2FC6AAA6-8797-47DC-8324-D0DF02F5A375}.Release|Any CPU.Build.0 = Release|Any CPU
	EndGlobalSection
	GlobalSection(SolutionProperties) = preSolution
		HideSolutionNode = FALSE
	EndGlobalSection
	GlobalSection(NestedProjects) = preSolution
		{0362AAF5-790D-4108-8F75-76588C32D29E} = {DB71E623-770F-49DD-81B4-914720550C7E}
		{F57926B9-F117-4B8F-B056-3B8CD6C897C6} = {DB71E623-770F-49DD-81B4-914720550C7E}
		{A1987D8B-E4AA-4B2A-A76B-CE348DA76A7F} = {B4063040-FD6E-40AB-90CC-442A6E9AEA1D}
		{26161CCD-2A35-4368-AF54-52386A9AB6FD} = {B4063040-FD6E-40AB-90CC-442A6E9AEA1D}
		{2FC6AAA6-8797-47DC-8324-D0DF02F5A375} = {E3F016DA-BE4D-4D15-B516-FE3EEB1D46BB}
	EndGlobalSection
	GlobalSection(ExtensibilityGlobals) = postSolution
		SolutionGuid = {B972B6D4-F5B2-4CC5-B990-982BB24DD4F4}
	EndGlobalSection
EndGlobal
